
Microsoft Visual Studio Solution File, Format Version 12.00
# Visual Studio Version 16
VisualStudioVersion = 16.0.29709.97
MinimumVisualStudioVersion = 10.0.40219.1
Project("{9A19103F-16F7-4668-BE54-9A1E7A4F7556}") = "LearnWpfTutorials", "LearnWpfTutorials.csproj", "{99DC0B1D-95FB-4098-88E9-74D994DA4541}"
EndProject
Project("{9A19103F-16F7-4668-BE54-9A1E7A4F7556}") = "WptTreeView", "WptTreeView\WptTreeView.csproj", "{4280C862-3760-4F54-8189-D9FC43E3A297}"
EndProject
Global
	GlobalSection(SolutionConfigurationPlatforms) = preSolution
		Debug|Any CPU = Debug|Any CPU
		Release|Any CPU = Release|Any CPU
	EndGlobalSection
	GlobalSection(ProjectConfigurationPlatforms) = postSolution
		{99DC0B1D-95FB-4098-88E9-74D994DA4541}.Debug|Any CPU.ActiveCfg = Debug|Any CPU
		{99DC0B1D-95FB-4098-88E9-74D994DA4541}.Debug|Any CPU.Build.0 = Debug|Any CPU
		{99DC0B1D-95FB-4098-88E9-74D994DA4541}.Release|Any CPU.ActiveCfg = Release|Any CPU
		{99DC0B1D-95FB-4098-88E9-74D994DA4541}.Release|Any CPU.Build.0 = Release|Any CPU
		{4280C862-3760-4F54-8189-D9FC43E3A297}.Debug|Any CPU.ActiveCfg = Debug|Any CPU
		{4280C862-3760-4F54-8189-D9FC43E3A297}.Debug|Any CPU.Build.0 = Debug|Any CPU
		{4280C862-3760-4F54-8189-D9FC43E3A297}.Release|Any CPU.ActiveCfg = Release|Any CPU
		{4280C862-3760-4F54-8189-D9FC43E3A297}.Release|Any CPU.Build.0 = Release|Any CPU
	EndGlobalSection
	GlobalSection(SolutionProperties) = preSolution
		HideSolutionNode = FALSE
	EndGlobalSection
	GlobalSection(ExtensibilityGlobals) = postSolution
		SolutionGuid = {72DA632B-C222-42EE-9E6D-99673D8C2354}
	EndGlobalSection
EndGlobal
